// !$*UTF8*$!
{
	archiveVersion = 1;
	classes = {
	};
	objectVersion = 77;
	objects = {

/* Begin PBXContainerItemProxy section */
		D0C9B8512F8F9D740034809A /* PBXContainerItemProxy */ = {
			isa = PBXContainerItemProxy;
			containerPortal = D0C9B83B2F8F9D730034809A /* Project object */;
			proxyType = 1;
			remoteGlobalIDString = D0C9B8422F8F9D730034809A;
			remoteInfo = "RAG Assistant";
		};
		D0C9B85B2F8F9D740034809A /* PBXContainerItemProxy */ = {
			isa = PBXContainerItemProxy;
			containerPortal = D0C9B83B2F8F9D730034809A /* Project object */;
			proxyType = 1;
			remoteGlobalIDString = D0C9B8422F8F9D730034809A;
			remoteInfo = "RAG Assistant";
		};
/* End PBXContainerItemProxy section */

/* Begin PBXFileReference section */
		D0C9B8432F8F9D730034809A /* RAG Assistant.app */ = {isa = PBXFileReference; explicitFileType = wrapper.application; includeInIndex = 0; path = "RAG Assistant.app"; sourceTree = BUILT_PRODUCTS_DIR; };
		D0C9B8502F8F9D740034809A /* RAG AssistantTests.xctest */ = {isa = PBXFileReference; explicitFileType = wrapper.cfbundle; includeInIndex = 0; path = "RAG AssistantTests.xctest"; sourceTree = BUILT_PRODUCTS_DIR; };
		D0C9B85A2F8F9D740034809A /* RAG AssistantUITests.xctest */ = {isa = PBXFileReference; explicitFileType = wrapper.cfbundle; includeInIndex = 0; path = "RAG AssistantUITests.xctest"; sourceTree = BUILT_PRODUCTS_DIR; };
/* End PBXFileReference section */

/* Begin PBXFileSystemSynchronizedRootGroup section */
		D0C9B8452F8F9D730034809A /* RAG Assistant */ = {
			isa = PBXFileSystemSynchronizedRootGroup;
			path = "RAG Assistant";
			sourceTree = "<group>";
		};
		D0C9B8532F8F9D740034809A /* RAG AssistantTests */ = {
			isa = PBXFileSystemSynchronizedRootGroup;
			path = "RAG AssistantTests";
			sourceTree = "<group>";
		};
		D0C9B85D2F8F9D740034809A /* RAG AssistantUITests */ = {
			isa = PBXFileSystemSynchronizedRootGroup;
			path = "RAG AssistantUITests";
			sourceTree = "<group>";
		};
		D0C9B87B2F8FAFB40034809A /* ChatViewModel */ = {
			isa = PBXFileSystemSynchronizedRootGroup;
			path = ChatViewModel;
			sourceTree = "<group>";
		};
/* End PBXFileSystemSynchronizedRootGroup section */

/* Begin PBXFrameworksBuildPhase section */
		D0C9B8402F8F9D730034809A /* Frameworks */ = {
			isa = PBXFrameworksBuildPhase;
			buildActionMask = 2147483647;
			files = (
			);
			runOnlyForDeploymentPostprocessing = 0;
		};
		D0C9B84D2F8F9D740034809A /* Frameworks */ = {
			isa = PBXFrameworksBuildPhase;
			buildActionMask = 2147483647;
			files = (
			);
			runOnlyForDeploymentPostprocessing = 0;
		};
		D0C9B8572F8F9D740034809A /* Frameworks */ = {
			isa = PBXFrameworksBuildPhase;
			buildActionMask = 2147483647;
			files = (
			);
			runOnlyForDeploymentPostprocessing = 0;
		};
/* End PBXFrameworksBuildPhase section */

/* Begin PBXGroup section */
		D0C9B83A2F8F9D730034809A = {
			isa = PBXGroup;
			children = (
				D0C9B87B2F8FAFB40034809A /* ChatViewModel */,
				D0C9B8452F8F9D730034809A /* RAG Assistant */,
				D0C9B8532F8F9D740034809A /* RAG AssistantTests */,
				D0C9B85D2F8F9D740034809A /* RAG AssistantUITests */,
				D0C9B8442F8F9D730034809A /* Products */,
			);
			sourceTree = "<group>";
		};
		D0C9B8442F8F9D730034809A /* Products */ = {
			isa = PBXGroup;
			children = (
				D0C9B8432F8F9D730034809A /* RAG Assistant.app */,
				D0C9B8502F8F9D740034809A /* RAG AssistantTests.xctest */,
				D0C9B85A2F8F9D740034809A /* RAG AssistantUITests.xctest */,
			);
			name = Products;
			sourceTree = "<group>";
		};
/* End PBXGroup section */

/* Begin PBXNativeTarget section */
		D0C9B8422F8F9D730034809A /* RAG Assistant */ = {
			isa = PBXNativeTarget;
			buildConfigurationList = D0C9B8642F8F9D740034809A /* Build configuration list for PBXNativeTarget "RAG Assistant" */;
			buildPhases = (
				D0C9B83F2F8F9D730034809A /* Sources */,
				D0C9B8402F8F9D730034809A /* Frameworks */,
				D0C9B8412F8F9D730034809A /* Resources */,
			);
			buildRules = (
			);
			dependencies = (
			);
			fileSystemSynchronizedGroups = (
				D0C9B8452F8F9D730034809A /* RAG Assistant */,
				D0C9B87B2F8FAFB40034809A /* ChatViewModel */,
			);
			name = "RAG Assistant";
			packageProductDependencies = (
			);
			productName = "RAG Assistant";
			productReference = D0C9B8432F8F9D730034809A /* RAG Assistant.app */;
			productType = "com.apple.product-type.application";
		};
		D0C9B84F2F8F9D740034809A /* RAG AssistantTests */ = {
			isa = PBXNativeTarget;
			buildConfigurationList = D0C9B8672F8F9D740034809A /* Build configuration list for PBXNativeTarget "RAG AssistantTests" */;
			buildPhases = (
				D0C9B84C2F8F9D740034809A /* Sources */,
				D0C9B84D2F8F9D740034809A /* Frameworks */,
				D0C9B84E2F8F9D740034809A /* Resources */,
			);
			buildRules = (
			);
			dependencies = (
				D0C9B8522F8F9D740034809A /* PBXTargetDependency */,
			);
			fileSystemSynchronizedGroups = (
				D0C9B8532F8F9D740034809A /* RAG AssistantTests */,
			);
			name = "RAG AssistantTests";
			packageProductDependencies = (
			);
			productName = "RAG AssistantTests";
			productReference = D0C9B8502F8F9D740034809A /* RAG AssistantTests.xctest */;
			productType = "com.apple.product-type.bundle.unit-test";
		};
		D0C9B8592F8F9D740034809A /* RAG AssistantUITests */ = {
			isa = PBXNativeTarget;
			buildConfigurationList = D0C9B86A2F8F9D740034809A /* Build configuration list for PBXNativeTarget "RAG AssistantUITests" */;
			buildPhases = (
				D0C9B8562F8F9D740034809A /* Sources */,
				D0C9B8572F8F9D740034809A /* Frameworks */,
				D0C9B8582F8F9D740034809A /* Resources */,
			);
			buildRules = (
			);
			dependencies = (
				D0C9B85C2F8F9D740034809A /* PBXTargetDependency */,
			);
			fileSystemSynchronizedGroups = (
				D0C9B85D2F8F9D740034809A /* RAG AssistantUITests */,
			);
			name = "RAG AssistantUITests";
			packageProductDependencies = (
			);
			productName = "RAG AssistantUITests";
			productReference = D0C9B85A2F8F9D740034809A /* RAG AssistantUITests.xctest */;
			productType = "com.apple.product-type.bundle.ui-testing";
		};
/* End PBXNativeTarget section */

/* Begin PBXProject section */
		D0C9B83B2F8F9D730034809A /* Project object */ = {
			isa = PBXProject;
			attributes = {
				BuildIndependentTargetsInParallel = 1;
				LastSwiftUpdateCheck = 2620;
				LastUpgradeCheck = 2620;
				TargetAttributes = {
					D0C9B8422F8F9D730034809A = {
						CreatedOnToolsVersion = 26.2;
					};
					D0C9B84F2F8F9D740034809A = {
						CreatedOnToolsVersion = 26.2;
						TestTargetID = D0C9B8422F8F9D730034809A;
					};
					D0C9B8592F8F9D740034809A = {
						CreatedOnToolsVersion = 26.2;
						TestTargetID = D0C9B8422F8F9D730034809A;
					};
				};
			};
			buildConfigurationList = D0C9B83E2F8F9D730034809A /* Build configuration list for PBXProject "RAG Assistant" */;
			developmentRegion = en;
			hasScannedForEncodings = 0;
			knownRegions = (
				en,
				Base,
			);
			mainGroup = D0C9B83A2F8F9D730034809A;
			minimizedProjectReferenceProxies = 1;
			preferredProjectObjectVersion = 77;
			productRefGroup = D0C9B8442F8F9D730034809A /* Products */;
			projectDirPath = "";
			projectRoot = "";
			targets = (
				D0C9B8422F8F9D730034809A /* RAG Assistant */,
				D0C9B84F2F8F9D740034809A /* RAG AssistantTests */,
				D0C9B8592F8F9D740034809A /* RAG AssistantUITests */,
			);
		};
/* End PBXProject section */

/* Begin PBXResourcesBuildPhase section */
		D0C9B8412F8F9D730034809A /* Resources */ = {
			isa = PBXResourcesBuildPhase;
			buildActionMask = 2147483647;
			files = (
			);
			runOnlyForDeploymentPostprocessing = 0;
		};
		D0C9B84E2F8F9D740034809A /* Resources */ = {
			isa = PBXResourcesBuildPhase;
			buildActionMask = 2147483647;
			files = (
			);
			runOnlyForDeploymentPostprocessing = 0;
		};
		D0C9B8582F8F9D740034809A /* Resources */ = {
			isa = PBXResourcesBuildPhase;
			buildActionMask = 2147483647;
			files = (
			);
			runOnlyForDeploymentPostprocessing = 0;
		};
/* End PBXResourcesBuildPhase section */

/* Begin PBXSourcesBuildPhase section */
		D0C9B83F2F8F9D730034809A /* Sources */ = {
			isa = PBXSourcesBuildPhase;
			buildActionMask = 2147483647;
			files = (
			);
			runOnlyForDeploymentPostprocessing = 0;
		};
		D0C9B84C2F8F9D740034809A /* Sources */ = {
			isa = PBXSourcesBuildPhase;
			buildActionMask = 2147483647;
			files = (
			);
			runOnlyForDeploymentPostprocessing = 0;
		};
		D0C9B8562F8F9D740034809A /* Sources */ = {
			isa = PBXSourcesBuildPhase;
			buildActionMask = 2147483647;
			files = (
			);
			runOnlyForDeploymentPostprocessing = 0;
		};
/* End PBXSourcesBuildPhase section */

/* Begin PBXTargetDependency section */
		D0C9B8522F8F9D740034809A /* PBXTargetDependency */ = {
			isa = PBXTargetDependency;
			target = D0C9B8422F8F9D730034809A /* RAG Assistant */;
			targetProxy = D0C9B8512F8F9D740034809A /* PBXContainerItemProxy */;
		};
		D0C9B85C2F8F9D740034809A /* PBXTargetDependency */ = {
			isa = PBXTargetDependency;
			target = D0C9B8422F8F9D730034809A /* RAG Assistant */;
			targetProxy = D0C9B85B2F8F9D740034809A /* PBXContainerItemProxy */;
		};
/* End PBXTargetDependency section */

/* Begin XCBuildConfiguration section */
		D0C9B8622F8F9D740034809A /* Debug */ = {
			isa = XCBuildConfiguration;
			buildSettings = {
				ALWAYS_SEARCH_USER_PATHS = NO;
				ASSETCATALOG_COMPILER_GENERATE_SWIFT_ASSET_SYMBOL_EXTENSIONS = YES;
				CLANG_ANALYZER_NONNULL = YES;
				CLANG_ANALYZER_NUMBER_OBJECT_CONVERSION = YES_AGGRESSIVE;
				CLANG_CXX_LANGUAGE_STANDARD = "gnu++20";
				CLANG_ENABLE_MODULES = YES;
				CLANG_ENABLE_OBJC_ARC = YES;
				CLANG_ENABLE_OBJC_WEAK = YES;
				CLANG_WARN_BLOCK_CAPTURE_AUTORELEASING = YES;
				CLANG_WARN_BOOL_CONVERSION = YES;
				CLANG_WARN_COMMA = YES;
				CLANG_WARN_CONSTANT_CONVERSION = YES;
				CLANG_WARN_DEPRECATED_OBJC_IMPLEMENTATIONS = YES;
				CLANG_WARN_DIRECT_OBJC_ISA_USAGE = YES_ERROR;
				CLANG_WARN_DOCUMENTATION_COMMENTS = YES;
				CLANG_WARN_EMPTY_BODY = YES;
				CLANG_WARN_ENUM_CONVERSION = YES;
				CLANG_WARN_INFINITE_RECURSION = YES;
				CLANG_WARN_INT_CONVERSION = YES;
				CLANG_WARN_NON_LITERAL_NULL_CONVERSION = YES;
				CLANG_WARN_OBJC_IMPLICIT_RETAIN_SELF = YES;
				CLANG_WARN_OBJC_LITERAL_CONVERSION = YES;
				CLANG_WARN_OBJC_ROOT_CLASS = YES_ERROR;
				CLANG_WARN_QUOTED_INCLUDE_IN_FRAMEWORK_HEADER = YES;
				CLANG_WARN_RANGE_LOOP_ANALYSIS = YES;
				CLANG_WARN_STRICT_PROTOTYPES = YES;
				CLANG_WARN_SUSPICIOUS_MOVE = YES;
				CLANG_WARN_UNGUARDED_AVAILABILITY = YES_AGGRESSIVE;
				CLANG_WARN_UNREACHABLE_CODE = YES;
				CLANG_WARN__DUPLICATE_METHOD_MATCH = YES;
				COPY_PHASE_STRIP = NO;
				DEBUG_INFORMATION_FORMAT = dwarf;
				DEVELOPMENT_TEAM = SCCRUHQ7HK;
				ENABLE_STRICT_OBJC_MSGSEND = YES;
				ENABLE_TESTABILITY = YES;
				ENABLE_USER_SCRIPT_SANDBOXING = YES;
				GCC_C_LANGUAGE_STANDARD = gnu17;
				GCC_DYNAMIC_NO_PIC = NO;
				GCC_NO_COMMON_BLOCKS = YES;
				GCC_OPTIMIZATION_LEVEL = 0;
				GCC_PREPROCESSOR_DEFINITIONS = (
					"DEBUG=1",
					"$(inherited)",
				);
				GCC_WARN_64_TO_32_BIT_CONVERSION = YES;
				GCC_WARN_ABOUT_RETURN_TYPE = YES_ERROR;
				GCC_WARN_UNDECLARED_SELECTOR = YES;
				GCC_WARN_UNINITIALIZED_AUTOS = YES_AGGRESSIVE;
				GCC_WARN_UNUSED_FUNCTION = YES;
				GCC_WARN_UNUSED_VARIABLE = YES;
				IPHONEOS_DEPLOYMENT_TARGET = 26.2;
				LOCALIZATION_PREFERS_STRING_CATALOGS = YES;
				MTL_ENABLE_DEBUG_INFO = INCLUDE_SOURCE;
				MTL_FAST_MATH = YES;
				ONLY_ACTIVE_ARCH = YES;
				SDKROOT = iphoneos;
				SWIFT_ACTIVE_COMPILATION_CONDITIONS = "DEBUG $(inherited)";
				SWIFT_OPTIMIZATION_LEVEL = "-Onone";
			};
			name = Debug;
		};
		D0C9B8632F8F9D740034809A /* Release */ = {
			isa = XCBuildConfiguration;
			buildSettings = {
				ALWAYS_SEARCH_USER_PATHS = NO;
				ASSETCATALOG_COMPILER_GENERATE_SWIFT_ASSET_SYMBOL_EXTENSIONS = YES;
				CLANG_ANALYZER_NONNULL = YES;
				CLANG_ANALYZER_NUMBER_OBJECT_CONVERSION = YES_AGGRESSIVE;
				CLANG_CXX_LANGUAGE_STANDARD = "gnu++20";
				CLANG_ENABLE_MODULES = YES;
				CLANG_ENABLE_OBJC_ARC = YES;
				CLANG_ENABLE_OBJC_WEAK = YES;
				CLANG_WARN_BLOCK_CAPTURE_AUTORELEASING = YES;
				CLANG_WARN_BOOL_CONVERSION = YES;
				CLANG_WARN_COMMA = YES;
				CLANG_WARN_CONSTANT_CONVERSION = YES;
				CLANG_WARN_DEPRECATED_OBJC_IMPLEMENTATIONS = YES;
				CLANG_WARN_DIRECT_OBJC_ISA_USAGE = YES_ERROR;
				CLANG_WARN_DOCUMENTATION_COMMENTS = YES;
				CLANG_WARN_EMPTY_BODY = YES;
				CLANG_WARN_ENUM_CONVERSION = YES;
				CLANG_WARN_INFINITE_RECURSION = YES;
				CLANG_WARN_INT_CONVERSION = YES;
				CLANG_WARN_NON_LITERAL_NULL_CONVERSION = YES;
				CLANG_WARN_OBJC_IMPLICIT_RETAIN_SELF = YES;
				CLANG_WARN_OBJC_LITERAL_CONVERSION = YES;
				CLANG_WARN_OBJC_ROOT_CLASS = YES_ERROR;
				CLANG_WARN_QUOTED_INCLUDE_IN_FRAMEWORK_HEADER = YES;
				CLANG_WARN_RANGE_LOOP_ANALYSIS = YES;
				CLANG_WARN_STRICT_PROTOTYPES = YES;
				CLANG_WARN_SUSPICIOUS_MOVE = YES;
				CLANG_WARN_UNGUARDED_AVAILABILITY = YES_AGGRESSIVE;
				CLANG_WARN_UNREACHABLE_CODE = YES;
				CLANG_WARN__DUPLICATE_METHOD_MATCH = YES;
				COPY_PHASE_STRIP = NO;
				DEBUG_INFORMATION_FORMAT = "dwarf-with-dsym";
				DEVELOPMENT_TEAM = SCCRUHQ7HK;
				ENABLE_NS_ASSERTIONS = NO;
				ENABLE_STRICT_OBJC_MSGSEND = YES;
				ENABLE_USER_SCRIPT_SANDBOXING = YES;
				GCC_C_LANGUAGE_STANDARD = gnu17;
				GCC_NO_COMMON_BLOCKS = YES;
				GCC_WARN_64_TO_32_BIT_CONVERSION = YES;
				GCC_WARN_ABOUT_RETURN_TYPE = YES_ERROR;
				GCC_WARN_UNDECLARED_SELECTOR = YES;
				GCC_WARN_UNINITIALIZED_AUTOS = YES_AGGRESSIVE;
				GCC_WARN_UNUSED_FUNCTION = YES;
				GCC_WARN_UNUSED_VARIABLE = YES;
				IPHONEOS_DEPLOYMENT_TARGET = 26.2;
				LOCALIZATION_PREFERS_STRING_CATALOGS = YES;
				MTL_ENABLE_DEBUG_INFO = NO;
				MTL_FAST_MATH = YES;
				SDKROOT = iphoneos;
				SWIFT_COMPILATION_MODE = wholemodule;
				VALIDATE_PRODUCT = YES;
			};
			name = Release;
		};
		D0C9B8652F8F9D740034809A /* Debug */ = {
			isa = XCBuildConfiguration;
			buildSettings = {
				ASSETCATALOG_COMPILER_APPICON_NAME = AppIcon;
				ASSETCATALOG_COMPILER_GLOBAL_ACCENT_COLOR_NAME = AccentColor;
				CODE_SIGN_STYLE = Automatic;
				CURRENT_PROJECT_VERSION = 1;
				DEVELOPMENT_TEAM = SCCRUHQ7HK;
				ENABLE_PREVIEWS = YES;
				GENERATE_INFOPLIST_FILE = YES;
				INFOPLIST_KEY_UIApplicationSceneManifest_Generation = YES;
				INFOPLIST_KEY_UIApplicationSupportsIndirectInputEvents = YES;
				INFOPLIST_KEY_UILaunchScreen_Generation = YES;
				INFOPLIST_KEY_UISupportedInterfaceOrientations_iPad = "UIInterfaceOrientationPortrait UIInterfaceOrientationPortraitUpsideDown UIInterfaceOrientationLandscapeLeft UIInterfaceOrientationLandscapeRight";
				INFOPLIST_KEY_UISupportedInterfaceOrientations_iPhone = "UIInterfaceOrientationPortrait UIInterfaceOrientationLandscapeLeft UIInterfaceOrientationLandscapeRight";
				LD_RUNPATH_SEARCH_PATHS = (
					"$(inherited)",
					"@executable_path/Frameworks",
				);
				MARKETING_VERSION = 1.0;
				PRODUCT_BUNDLE_IDENTIFIER = "com.akshay.shopsenseai.RAG-Assistant";
				PRODUCT_NAME = "$(TARGET_NAME)";
				STRING_CATALOG_GENERATE_SYMBOLS = YES;
				SWIFT_APPROACHABLE_CONCURRENCY = YES;
				SWIFT_DEFAULT_ACTOR_ISOLATION = MainActor;
				SWIFT_EMIT_LOC_STRINGS = YES;
				SWIFT_UPCOMING_FEATURE_MEMBER_IMPORT_VISIBILITY = YES;
				SWIFT_VERSION = 5.0;
				TARGETED_DEVICE_FAMILY = "1,2";
			};
			name = Debug;
		};
		D0C9B8662F8F9D740034809A /* Release */ = {
			isa = XCBuildConfiguration;
			buildSettings = {
				ASSETCATALOG_COMPILER_APPICON_NAME = AppIcon;
				ASSETCATALOG_COMPILER_GLOBAL_ACCENT_COLOR_NAME = AccentColor;
				CODE_SIGN_STYLE = Automatic;
				CURRENT_PROJECT_VERSION = 1;
				DEVELOPMENT_TEAM = SCCRUHQ7HK;
				ENABLE_PREVIEWS = YES;
				GENERATE_INFOPLIST_FILE = YES;
				INFOPLIST_KEY_UIApplicationSceneManifest_Generation = YES;
				INFOPLIST_KEY_UIApplicationSupportsIndirectInputEvents = YES;
				INFOPLIST_KEY_UILaunchScreen_Generation = YES;
				INFOPLIST_KEY_UISupportedInterfaceOrientations_iPad = "UIInterfaceOrientationPortrait UIInterfaceOrientationPortraitUpsideDown UIInterfaceOrientationLandscapeLeft UIInterfaceOrientationLandscapeRight";
				INFOPLIST_KEY_UISupportedInterfaceOrientations_iPhone = "UIInterfaceOrientationPortrait UIInterfaceOrientationLandscapeLeft UIInterfaceOrientationLandscapeRight";
				LD_RUNPATH_SEARCH_PATHS = (
					"$(inherited)",
					"@executable_path/Frameworks",
				);
				MARKETING_VERSION = 1.0;
				PRODUCT_BUNDLE_IDENTIFIER = "com.akshay.shopsenseai.RAG-Assistant";
				PRODUCT_NAME = "$(TARGET_NAME)";
				STRING_CATALOG_GENERATE_SYMBOLS = YES;
				SWIFT_APPROACHABLE_CONCURRENCY = YES;
				SWIFT_DEFAULT_ACTOR_ISOLATION = MainActor;
				SWIFT_EMIT_LOC_STRINGS = YES;
				SWIFT_UPCOMING_FEATURE_MEMBER_IMPORT_VISIBILITY = YES;
				SWIFT_VERSION = 5.0;
				TARGETED_DEVICE_FAMILY = "1,2";
			};
			name = Release;
		};
		D0C9B8682F8F9D740034809A /* Debug */ = {
			isa = XCBuildConfiguration;
			buildSettings = {
				BUNDLE_LOADER = "$(TEST_HOST)";
				CODE_SIGN_STYLE = Automatic;
				CURRENT_PROJECT_VERSION = 1;
				DEVELOPMENT_TEAM = SCCRUHQ7HK;
				GENERATE_INFOPLIST_FILE = YES;
				IPHONEOS_DEPLOYMENT_TARGET = 26.2;
				MARKETING_VERSION = 1.0;
				PRODUCT_BUNDLE_IDENTIFIER = "com.akshay.shopsenseai.RAG-AssistantTests";
				PRODUCT_NAME = "$(TARGET_NAME)";
				STRING_CATALOG_GENERATE_SYMBOLS = NO;
				SWIFT_APPROACHABLE_CONCURRENCY = YES;
				SWIFT_EMIT_LOC_STRINGS = NO;
				SWIFT_UPCOMING_FEATURE_MEMBER_IMPORT_VISIBILITY = YES;
				SWIFT_VERSION = 5.0;
				TARGETED_DEVICE_FAMILY = "1,2";
				TEST_HOST = "$(BUILT_PRODUCTS_DIR)/RAG Assistant.app/$(BUNDLE_EXECUTABLE_FOLDER_PATH)/RAG Assistant";
			};
			name = Debug;
		};
		D0C9B8692F8F9D740034809A /* Release */ = {
			isa = XCBuildConfiguration;
			buildSettings = {
				BUNDLE_LOADER = "$(TEST_HOST)";
				CODE_SIGN_STYLE = Automatic;
				CURRENT_PROJECT_VERSION = 1;
				DEVELOPMENT_TEAM = SCCRUHQ7HK;
				GENERATE_INFOPLIST_FILE = YES;
				IPHONEOS_DEPLOYMENT_TARGET = 26.2;
				MARKETING_VERSION = 1.0;
				PRODUCT_BUNDLE_IDENTIFIER = "com.akshay.shopsenseai.RAG-AssistantTests";
				PRODUCT_NAME = "$(TARGET_NAME)";
				STRING_CATALOG_GENERATE_SYMBOLS = NO;
				SWIFT_APPROACHABLE_CONCURRENCY = YES;
				SWIFT_EMIT_LOC_STRINGS = NO;
				SWIFT_UPCOMING_FEATURE_MEMBER_IMPORT_VISIBILITY = YES;
				SWIFT_VERSION = 5.0;
				TARGETED_DEVICE_FAMILY = "1,2";
				TEST_HOST = "$(BUILT_PRODUCTS_DIR)/RAG Assistant.app/$(BUNDLE_EXECUTABLE_FOLDER_PATH)/RAG Assistant";
			};
			name = Release;
		};
		D0C9B86B2F8F9D740034809A /* Debug */ = {
			isa = XCBuildConfiguration;
			buildSettings = {
				CODE_SIGN_STYLE = Automatic;
				CURRENT_PROJECT_VERSION = 1;
				DEVELOPMENT_TEAM = SCCRUHQ7HK;
				GENERATE_INFOPLIST_FILE = YES;
				MARKETING_VERSION = 1.0;
				PRODUCT_BUNDLE_IDENTIFIER = "com.akshay.shopsenseai.RAG-AssistantUITests";
				PRODUCT_NAME = "$(TARGET_NAME)";
				STRING_CATALOG_GENERATE_SYMBOLS = NO;
				SWIFT_APPROACHABLE_CONCURRENCY = YES;
				SWIFT_EMIT_LOC_STRINGS = NO;
				SWIFT_UPCOMING_FEATURE_MEMBER_IMPORT_VISIBILITY = YES;
				SWIFT_VERSION = 5.0;
				TARGETED_DEVICE_FAMILY = "1,2";
				TEST_TARGET_NAME = "RAG Assistant";
			};
			name = Debug;
		};
		D0C9B86C2F8F9D740034809A /* Release */ = {
			isa = XCBuildConfiguration;
			buildSettings = {
				CODE_SIGN_STYLE = Automatic;
				CURRENT_PROJECT_VERSION = 1;
				DEVELOPMENT_TEAM = SCCRUHQ7HK;
				GENERATE_INFOPLIST_FILE = YES;
				MARKETING_VERSION = 1.0;
				PRODUCT_BUNDLE_IDENTIFIER = "com.akshay.shopsenseai.RAG-AssistantUITests";
				PRODUCT_NAME = "$(TARGET_NAME)";
				STRING_CATALOG_GENERATE_SYMBOLS = NO;
				SWIFT_APPROACHABLE_CONCURRENCY = YES;
				SWIFT_EMIT_LOC_STRINGS = NO;
				SWIFT_UPCOMING_FEATURE_MEMBER_IMPORT_VISIBILITY = YES;
				SWIFT_VERSION = 5.0;
				TARGETED_DEVICE_FAMILY = "1,2";
				TEST_TARGET_NAME = "RAG Assistant";
			};
			name = Release;
		};
/* End XCBuildConfiguration section */

/* Begin XCConfigurationList section */
		D0C9B83E2F8F9D730034809A /* Build configuration list for PBXProject "RAG Assistant" */ = {
			isa = XCConfigurationList;
			buildConfigurations = (
				D0C9B8622F8F9D740034809A /* Debug */,
				D0C9B8632F8F9D740034809A /* Release */,
			);
			defaultConfigurationIsVisible = 0;
			defaultConfigurationName = Release;
		};
		D0C9B8642F8F9D740034809A /* Build configuration list for PBXNativeTarget "RAG Assistant" */ = {
			isa = XCConfigurationList;
			buildConfigurations = (
				D0C9B8652F8F9D740034809A /* Debug */,
				D0C9B8662F8F9D740034809A /* Release */,
			);
			defaultConfigurationIsVisible = 0;
			defaultConfigurationName = Release;
		};
		D0C9B8672F8F9D740034809A /* Build configuration list for PBXNativeTarget "RAG AssistantTests" */ = {
			isa = XCConfigurationList;
			buildConfigurations = (
				D0C9B8682F8F9D740034809A /* Debug */,
				D0C9B8692F8F9D740034809A /* Release */,
			);
			defaultConfigurationIsVisible = 0;
			defaultConfigurationName = Release;
		};
		D0C9B86A2F8F9D740034809A /* Build configuration list for PBXNativeTarget "RAG AssistantUITests" */ = {
			isa = XCConfigurationList;
			buildConfigurations = (
				D0C9B86B2F8F9D740034809A /* Debug */,
				D0C9B86C2F8F9D740034809A /* Release */,
			);
			defaultConfigurationIsVisible = 0;
			defaultConfigurationName = Release;
		};
/* End XCConfigurationList section */
	};
	rootObject = D0C9B83B2F8F9D730034809A /* Project object */;
}
